
Microsoft Visual Studio Solution File, Format Version 12.00
# Visual Studio 15
Project("{FAE04EC0-301F-11D3-BF4B-00C04F79EFBC}") = "Assembly-CSharp", "Assembly-CSharp.csproj", "{EACA0171-89B4-46C5-302B-F54E1F55B83D}"
EndProject
Global
	GlobalSection(SolutionConfigurationPlatforms) = preSolution
		Debug|Any CPU = Debug|Any CPU
		Release|Any CPU = Release|Any CPU
	EndGlobalSection
	GlobalSection(ProjectConfigurationPlatforms) = postSolution
		{EACA0171-89B4-46C5-302B-F54E1F55B83D}.Debug|Any CPU.ActiveCfg = Debug|Any CPU
		{EACA0171-89B4-46C5-302B-F54E1F55B83D}.Debug|Any CPU.Build.0 = Debug|Any CPU
		{EACA0171-89B4-46C5-302B-F54E1F55B83D}.Release|Any CPU.ActiveCfg = Release|Any CPU
		{EACA0171-89B4-46C5-302B-F54E1F55B83D}.Release|Any CPU.Build.0 = Release|Any CPU
	EndGlobalSection
	GlobalSection(SolutionProperties) = preSolution
		HideSolutionNode = FALSE
	EndGlobalSection
EndGlobal
